<?xml version="1.0" encoding="utf-8"?>
<Project ToolsVersion="4.0" xmlns="http://schemas.microsoft.com/developer/msbuild/2003">
  <ItemGroup>
    <Filter Include="Source Files">
      <UniqueIdentifier>{4FC737F1-C7A5-4376-A066-2A32D752A2FF}</UniqueIdentifier>
      <Extensions>cpp;c;cc;cxx;def;odl;idl;hpj;bat;asm;asmx</Extensions>
    </Filter>
    <Filter Include="Header Files">
      <UniqueIdentifier>{93995380-89BD-4b04-88EB-625FBE52EBFB}</UniqueIdentifier>
      <Extensions>h;hh;hpp;hxx;hm;inl;inc;xsd</Extensions>
    </Filter>
    <Filter Include="Resource Files">
      <UniqueIdentifier>{67DA6AB6-F800-4c08-8B7A-83BB121AAD01}</UniqueIdentifier>
      <Extensions>rc;ico;cur;bmp;dlg;rc2;rct;bin;rgs;gif;jpg;jpeg;jpe;resx;tiff;tif;png;wav;mfcribbon-ms</Extensions>
    </Filter>
    <Filter Include="Source Files\traffic-src">
      <UniqueIdentifier>{14f848d6-9ed6-437c-b713-2f55286cf941}</UniqueIdentifier>
    </Filter>
    <Filter Include="Source Files\Utils">
      <UniqueIdentifier>{cfe0b66c-7b74-4230-86e6-8ff7c7dc60f1}</UniqueIdentifier>
    </Filter>
  </ItemGroup>
  <ItemGroup>
    <Text Include="ReadMe.txt" />
  </ItemGroup>
  <ItemGroup>
    <ClInclude Include="stdafx.h">
      <Filter>Header Files</Filter>
    </ClInclude>
    <ClInclude Include="targetver.h">
      <Filter>Header Files</Filter>
    </ClInclude>
    <ClInclude Include="traffic-src\PcapSource.h">
      <Filter>Source Files\traffic-src</Filter>
    </ClInclude>
    <ClInclude Include="traffic-src\TrafficSource.h">
      <Filter>Source Files\traffic-src</Filter>
    </ClInclude>
    <ClInclude Include="traffic-src\VirtualSource.h">
      <Filter>Source Files\traffic-src</Filter>
    </ClInclude>
    <ClInclude Include="utils\PortCache.h">
      <Filter>Source Files\Utils</Filter>
    </ClInclude>
    <ClInclude Include="utils\ProcessCache.h">
      <Filter>Source Files\Utils</Filter>
    </ClInclude>
    <ClInclude Include="utils\ProcessModel.h">
      <Filter>Source Files\Utils</Filter>
    </ClInclude>
    <ClInclude Include="utils\SingleLock.h">
      <Filter>Source Files\Utils</Filter>
    </ClInclude>
    <ClInclude Include="utils\ProfileItem.h">
      <Filter>Source Files\Utils</Filter>
    </ClInclude>
    <ClInclude Include="CpuCheck.h">
      <Filter>Source Files\Utils</Filter>
    </ClInclude>
  </ItemGroup>
  <ItemGroup>
    <ClCompile Include="stdafx.cpp">
      <Filter>Source Files</Filter>
    </ClCompile>
    <ClCompile Include="ProcessNetRateDemo.cpp">
      <Filter>Source Files</Filter>
    </ClCompile>
    <ClCompile Include="traffic-src\PcapSource.cpp">
      <Filter>Source Files\traffic-src</Filter>
    </ClCompile>
    <ClCompile Include="traffic-src\VirtualSource.cpp">
      <Filter>Source Files\traffic-src</Filter>
    </ClCompile>
    <ClCompile Include="utils\PortCache.cpp">
      <Filter>Source Files\Utils</Filter>
    </ClCompile>
    <ClCompile Include="utils\ProcessCache.cpp">
      <Filter>Source Files\Utils</Filter>
    </ClCompile>
    <ClCompile Include="utils\ProcessModel.cpp">
      <Filter>Source Files\Utils</Filter>
    </ClCompile>
    <ClCompile Include="utils\SingleLock.cpp">
      <Filter>Source Files\Utils</Filter>
    </ClCompile>
    <ClCompile Include="utils\ProfileItem.cpp">
      <Filter>Source Files\Utils</Filter>
    </ClCompile>
    <ClCompile Include="CpuCheck.cpp">
      <Filter>Source Files\Utils</Filter>
    </ClCompile>
  </ItemGroup>
</Project>